// !$*UTF8*$!
{
	archiveVersion = 1;
	classes = {
	};
	objectVersion = 46;
	objects = {

/* Begin PBXBuildFile section */
		83B3970A1EC4DB2000EE22D5 /* AppDelegate.swift in Sources */ = {isa = PBXBuildFile; fileRef = 83B397091EC4DB2000EE22D5 /* AppDelegate.swift */; };
		83B3970C1EC4DB2000EE22D5 /* ViewController.swift in Sources */ = {isa = PBXBuildFile; fileRef = 83B3970B1EC4DB2000EE22D5 /* ViewController.swift */; };
		83B3970F1EC4DB2000EE22D5 /* Main.storyboard in Resources */ = {isa = PBXBuildFile; fileRef = 83B3970D1EC4DB2000EE22D5 /* Main.storyboard */; };
		83B397111EC4DB2000EE22D5 /* Assets.xcassets in Resources */ = {isa = PBXBuildFile; fileRef = 83B397101EC4DB2000EE22D5 /* Assets.xcassets */; };
		83B397141EC4DB2000EE22D5 /* LaunchScreen.storyboard in Resources */ = {isa = PBXBuildFile; fileRef = 83B397121EC4DB2000EE22D5 /* LaunchScreen.storyboard */; };
		83B3971F1EC4DB2000EE22D5 /* team_ios_kothTests.swift in Sources */ = {isa = PBXBuildFile; fileRef = 83B3971E1EC4DB2000EE22D5 /* team_ios_kothTests.swift */; };
		83B3972A1EC4DB2000EE22D5 /* team_ios_kothUITests.swift in Sources */ = {isa = PBXBuildFile; fileRef = 83B397291EC4DB2000EE22D5 /* team_ios_kothUITests.swift */; };
/* End PBXBuildFile section */

/* Begin PBXContainerItemProxy section */
		83B3971B1EC4DB2000EE22D5 /* PBXContainerItemProxy */ = {
			isa = PBXContainerItemProxy;
			containerPortal = 83B396FE1EC4DB2000EE22D5 /* Project object */;
			proxyType = 1;
			remoteGlobalIDString = 83B397051EC4DB2000EE22D5;
			remoteInfo = "team-ios-koth";
		};
		83B397261EC4DB2000EE22D5 /* PBXContainerItemProxy */ = {
			isa = PBXContainerItemProxy;
			containerPortal = 83B396FE1EC4DB2000EE22D5 /* Project object */;
			proxyType = 1;
			remoteGlobalIDString = 83B397051EC4DB2000EE22D5;
			remoteInfo = "team-ios-koth";
		};
/* End PBXContainerItemProxy section */

/* Begin PBXFileReference section */
		83B397061EC4DB2000EE22D5 /* team-ios-koth.app */ = {isa = PBXFileReference; explicitFileType = wrapper.application; includeInIndex = 0; path = "team-ios-koth.app"; sourceTree = BUILT_PRODUCTS_DIR; };
		83B397091EC4DB2000EE22D5 /* AppDelegate.swift */ = {isa = PBXFileReference; lastKnownFileType = sourcecode.swift; path = AppDelegate.swift; sourceTree = "<group>"; };
		83B3970B1EC4DB2000EE22D5 /* ViewController.swift */ = {isa = PBXFileReference; lastKnownFileType = sourcecode.swift; path = ViewController.swift; sourceTree = "<group>"; };
		83B3970E1EC4DB2000EE22D5 /* Base */ = {isa = PBXFileReference; lastKnownFileType = file.storyboard; name = Base; path = Base.lproj/Main.storyboard; sourceTree = "<group>"; };
		83B397101EC4DB2000EE22D5 /* Assets.xcassets */ = {isa = PBXFileReference; lastKnownFileType = folder.assetcatalog; path = Assets.xcassets; sourceTree = "<group>"; };
		83B397131EC4DB2000EE22D5 /* Base */ = {isa = PBXFileReference; lastKnownFileType = file.storyboard; name = Base; path = Base.lproj/LaunchScreen.storyboard; sourceTree = "<group>"; };
		83B397151EC4DB2000EE22D5 /* Info.plist */ = {isa = PBXFileReference; lastKnownFileType = text.plist.xml; path = Info.plist; sourceTree = "<group>"; };
		83B3971A1EC4DB2000EE22D5 /* team-ios-kothTests.xctest */ = {isa = PBXFileReference; explicitFileType = wrapper.cfbundle; includeInIndex = 0; path = "team-ios-kothTests.xctest"; sourceTree = BUILT_PRODUCTS_DIR; };
		83B3971E1EC4DB2000EE22D5 /* team_ios_kothTests.swift */ = {isa = PBXFileReference; lastKnownFileType = sourcecode.swift; path = team_ios_kothTests.swift; sourceTree = "<group>"; };
		83B397201EC4DB2000EE22D5 /* Info.plist */ = {isa = PBXFileReference; lastKnownFileType = text.plist.xml; path = Info.plist; sourceTree = "<group>"; };
		83B397251EC4DB2000EE22D5 /* team-ios-kothUITests.xctest */ = {isa = PBXFileReference; explicitFileType = wrapper.cfbundle; includeInIndex = 0; path = "team-ios-kothUITests.xctest"; sourceTree = BUILT_PRODUCTS_DIR; };
		83B397291EC4DB2000EE22D5 /* team_ios_kothUITests.swift */ = {isa = PBXFileReference; lastKnownFileType = sourcecode.swift; path = team_ios_kothUITests.swift; sourceTree = "<group>"; };
		83B3972B1EC4DB2000EE22D5 /* Info.plist */ = {isa = PBXFileReference; lastKnownFileType = text.plist.xml; path = Info.plist; sourceTree = "<group>"; };
/* End PBXFileReference section */

/* Begin PBXFrameworksBuildPhase section */
		83B397031EC4DB2000EE22D5 /* Frameworks */ = {
			isa = PBXFrameworksBuildPhase;
			buildActionMask = 2147483647;
			files = (
			);
			runOnlyForDeploymentPostprocessing = 0;
		};
		83B397171EC4DB2000EE22D5 /* Frameworks */ = {
			isa = PBXFrameworksBuildPhase;
			buildActionMask = 2147483647;
			files = (
			);
			runOnlyForDeploymentPostprocessing = 0;
		};
		83B397221EC4DB2000EE22D5 /* Frameworks */ = {
			isa = PBXFrameworksBuildPhase;
			buildActionMask = 2147483647;
			files = (
			);
			runOnlyForDeploymentPostprocessing = 0;
		};
/* End PBXFrameworksBuildPhase section */

/* Begin PBXGroup section */
		83B396FD1EC4DB2000EE22D5 = {
			isa = PBXGroup;
			children = (
				83B397081EC4DB2000EE22D5 /* team-ios-koth */,
				83B3971D1EC4DB2000EE22D5 /* team-ios-kothTests */,
				83B397281EC4DB2000EE22D5 /* team-ios-kothUITests */,
				83B397071EC4DB2000EE22D5 /* Products */,
			);
			sourceTree = "<group>";
		};
		83B397071EC4DB2000EE22D5 /* Products */ = {
			isa = PBXGroup;
			children = (
				83B397061EC4DB2000EE22D5 /* team-ios-koth.app */,
				83B3971A1EC4DB2000EE22D5 /* team-ios-kothTests.xctest */,
				83B397251EC4DB2000EE22D5 /* team-ios-kothUITests.xctest */,
			);
			name = Products;
			sourceTree = "<group>";
		};
		83B397081EC4DB2000EE22D5 /* team-ios-koth */ = {
			isa = PBXGroup;
			children = (
				83B397091EC4DB2000EE22D5 /* AppDelegate.swift */,
				83B3970B1EC4DB2000EE22D5 /* ViewController.swift */,
				83B3970D1EC4DB2000EE22D5 /* Main.storyboard */,
				83B397101EC4DB2000EE22D5 /* Assets.xcassets */,
				83B397121EC4DB2000EE22D5 /* LaunchScreen.storyboard */,
				83B397151EC4DB2000EE22D5 /* Info.plist */,
			);
			path = "team-ios-koth";
			sourceTree = "<group>";
		};
		83B3971D1EC4DB2000EE22D5 /* team-ios-kothTests */ = {
			isa = PBXGroup;
			children = (
				83B3971E1EC4DB2000EE22D5 /* team_ios_kothTests.swift */,
				83B397201EC4DB2000EE22D5 /* Info.plist */,
			);
			path = "team-ios-kothTests";
			sourceTree = "<group>";
		};
		83B397281EC4DB2000EE22D5 /* team-ios-kothUITests */ = {
			isa = PBXGroup;
			children = (
				83B397291EC4DB2000EE22D5 /* team_ios_kothUITests.swift */,
				83B3972B1EC4DB2000EE22D5 /* Info.plist */,
			);
			path = "team-ios-kothUITests";
			sourceTree = "<group>";
		};
/* End PBXGroup section */

/* Begin PBXNativeTarget section */
		83B397051EC4DB2000EE22D5 /* team-ios-koth */ = {
			isa = PBXNativeTarget;
			buildConfigurationList = 83B3972E1EC4DB2000EE22D5 /* Build configuration list for PBXNativeTarget "team-ios-koth" */;
			buildPhases = (
				83B397021EC4DB2000EE22D5 /* Sources */,
				83B397031EC4DB2000EE22D5 /* Frameworks */,
				83B397041EC4DB2000EE22D5 /* Resources */,
			);
			buildRules = (
			);
			dependencies = (
			);
			name = "team-ios-koth";
			productName = "team-ios-koth";
			productReference = 83B397061EC4DB2000EE22D5 /* team-ios-koth.app */;
			productType = "com.apple.product-type.application";
		};
		83B397191EC4DB2000EE22D5 /* team-ios-kothTests */ = {
			isa = PBXNativeTarget;
			buildConfigurationList = 83B397311EC4DB2000EE22D5 /* Build configuration list for PBXNativeTarget "team-ios-kothTests" */;
			buildPhases = (
				83B397161EC4DB2000EE22D5 /* Sources */,
				83B397171EC4DB2000EE22D5 /* Frameworks */,
				83B397181EC4DB2000EE22D5 /* Resources */,
			);
			buildRules = (
			);
			dependencies = (
				83B3971C1EC4DB2000EE22D5 /* PBXTargetDependency */,
			);
			name = "team-ios-kothTests";
			productName = "team-ios-kothTests";
			productReference = 83B3971A1EC4DB2000EE22D5 /* team-ios-kothTests.xctest */;
			productType = "com.apple.product-type.bundle.unit-test";
		};
		83B397241EC4DB2000EE22D5 /* team-ios-kothUITests */ = {
			isa = PBXNativeTarget;
			buildConfigurationList = 83B397341EC4DB2000EE22D5 /* Build configuration list for PBXNativeTarget "team-ios-kothUITests" */;
			buildPhases = (
				83B397211EC4DB2000EE22D5 /* Sources */,
				83B397221EC4DB2000EE22D5 /* Frameworks */,
				83B397231EC4DB2000EE22D5 /* Resources */,
			);
			buildRules = (
			);
			dependencies = (
				83B397271EC4DB2000EE22D5 /* PBXTargetDependency */,
			);
			name = "team-ios-kothUITests";
			productName = "team-ios-kothUITests";
			productReference = 83B397251EC4DB2000EE22D5 /* team-ios-kothUITests.xctest */;
			productType = "com.apple.product-type.bundle.ui-testing";
		};
/* End PBXNativeTarget section */

/* Begin PBXProject section */
		83B396FE1EC4DB2000EE22D5 /* Project object */ = {
			isa = PBXProject;
			attributes = {
				LastSwiftUpdateCheck = 0830;
				LastUpgradeCheck = 0830;
				ORGANIZATIONNAME = DE;
				TargetAttributes = {
					83B397051EC4DB2000EE22D5 = {
						CreatedOnToolsVersion = 8.3.2;
						ProvisioningStyle = Automatic;
						SystemCapabilities = {
							com.apple.BackgroundModes = {
								enabled = 1;
							};
						};
					};
					83B397191EC4DB2000EE22D5 = {
						CreatedOnToolsVersion = 8.3.2;
						ProvisioningStyle = Automatic;
						TestTargetID = 83B397051EC4DB2000EE22D5;
					};
					83B397241EC4DB2000EE22D5 = {
						CreatedOnToolsVersion = 8.3.2;
						ProvisioningStyle = Automatic;
						TestTargetID = 83B397051EC4DB2000EE22D5;
					};
				};
			};
			buildConfigurationList = 83B397011EC4DB2000EE22D5 /* Build configuration list for PBXProject "team-ios-koth" */;
			compatibilityVersion = "Xcode 3.2";
			developmentRegion = English;
			hasScannedForEncodings = 0;
			knownRegions = (
				en,
				Base,
			);
			mainGroup = 83B396FD1EC4DB2000EE22D5;
			productRefGroup = 83B397071EC4DB2000EE22D5 /* Products */;
			projectDirPath = "";
			projectRoot = "";
			targets = (
				83B397051EC4DB2000EE22D5 /* team-ios-koth */,
				83B397191EC4DB2000EE22D5 /* team-ios-kothTests */,
				83B397241EC4DB2000EE22D5 /* team-ios-kothUITests */,
			);
		};
/* End PBXProject section */

/* Begin PBXResourcesBuildPhase section */
		83B397041EC4DB2000EE22D5 /* Resources */ = {
			isa = PBXResourcesBuildPhase;
			buildActionMask = 2147483647;
			files = (
				83B397141EC4DB2000EE22D5 /* LaunchScreen.storyboard in Resources */,
				83B397111EC4DB2000EE22D5 /* Assets.xcassets in Resources */,
				83B3970F1EC4DB2000EE22D5 /* Main.storyboard in Resources */,
			);
			runOnlyForDeploymentPostprocessing = 0;
		};
		83B397181EC4DB2000EE22D5 /* Resources */ = {
			isa = PBXResourcesBuildPhase;
			buildActionMask = 2147483647;
			files = (
			);
			runOnlyForDeploymentPostprocessing = 0;
		};
		83B397231EC4DB2000EE22D5 /* Resources */ = {
			isa = PBXResourcesBuildPhase;
			buildActionMask = 2147483647;
			files = (
			);
			runOnlyForDeploymentPostprocessing = 0;
		};
/* End PBXResourcesBuildPhase section */

/* Begin PBXSourcesBuildPhase section */
		83B397021EC4DB2000EE22D5 /* Sources */ = {
			isa = PBXSourcesBuildPhase;
			buildActionMask = 2147483647;
			files = (
				83B3970C1EC4DB2000EE22D5 /* ViewController.swift in Sources */,
				83B3970A1EC4DB2000EE22D5 /* AppDelegate.swift in Sources */,
			);
			runOnlyForDeploymentPostprocessing = 0;
		};
		83B397161EC4DB2000EE22D5 /* Sources */ = {
			isa = PBXSourcesBuildPhase;
			buildActionMask = 2147483647;
			files = (
				83B3971F1EC4DB2000EE22D5 /* team_ios_kothTests.swift in Sources */,
			);
			runOnlyForDeploymentPostprocessing = 0;
		};
		83B397211EC4DB2000EE22D5 /* Sources */ = {
			isa = PBXSourcesBuildPhase;
			buildActionMask = 2147483647;
			files = (
				83B3972A1EC4DB2000EE22D5 /* team_ios_kothUITests.swift in Sources */,
			);
			runOnlyForDeploymentPostprocessing = 0;
		};
/* End PBXSourcesBuildPhase section */

/* Begin PBXTargetDependency section */
		83B3971C1EC4DB2000EE22D5 /* PBXTargetDependency */ = {
			isa = PBXTargetDependency;
			target = 83B397051EC4DB2000EE22D5 /* team-ios-koth */;
			targetProxy = 83B3971B1EC4DB2000EE22D5 /* PBXContainerItemProxy */;
		};
		83B397271EC4DB2000EE22D5 /* PBXTargetDependency */ = {
			isa = PBXTargetDependency;
			target = 83B397051EC4DB2000EE22D5 /* team-ios-koth */;
			targetProxy = 83B397261EC4DB2000EE22D5 /* PBXContainerItemProxy */;
		};
/* End PBXTargetDependency section */

/* Begin PBXVariantGroup section */
		83B3970D1EC4DB2000EE22D5 /* Main.storyboard */ = {
			isa = PBXVariantGroup;
			children = (
				83B3970E1EC4DB2000EE22D5 /* Base */,
			);
			name = Main.storyboard;
			sourceTree = "<group>";
		};
		83B397121EC4DB2000EE22D5 /* LaunchScreen.storyboard */ = {
			isa = PBXVariantGroup;
			children = (
				83B397131EC4DB2000EE22D5 /* Base */,
			);
			name = LaunchScreen.storyboard;
			sourceTree = "<group>";
		};
/* End PBXVariantGroup section */

/* Begin XCBuildConfiguration section */
		83B3972C1EC4DB2000EE22D5 /* Debug */ = {
			isa = XCBuildConfiguration;
			buildSettings = {
				ALWAYS_SEARCH_USER_PATHS = NO;
				CLANG_ANALYZER_NONNULL = YES;
				CLANG_ANALYZER_NUMBER_OBJECT_CONVERSION = YES_AGGRESSIVE;
				CLANG_CXX_LANGUAGE_STANDARD = "gnu++0x";
				CLANG_CXX_LIBRARY = "libc++";
				CLANG_ENABLE_MODULES = YES;
				CLANG_ENABLE_OBJC_ARC = YES;
				CLANG_WARN_BOOL_CONVERSION = YES;
				CLANG_WARN_CONSTANT_CONVERSION = YES;
				CLANG_WARN_DIRECT_OBJC_ISA_USAGE = YES_ERROR;
				CLANG_WARN_DOCUMENTATION_COMMENTS = YES;
				CLANG_WARN_EMPTY_BODY = YES;
				CLANG_WARN_ENUM_CONVERSION = YES;
				CLANG_WARN_INFINITE_RECURSION = YES;
				CLANG_WARN_INT_CONVERSION = YES;
				CLANG_WARN_OBJC_ROOT_CLASS = YES_ERROR;
				CLANG_WARN_SUSPICIOUS_MOVE = YES;
				CLANG_WARN_UNREACHABLE_CODE = YES;
				CLANG_WARN__DUPLICATE_METHOD_MATCH = YES;
				"CODE_SIGN_IDENTITY[sdk=iphoneos*]" = "iPhone Developer";
				COPY_PHASE_STRIP = NO;
				DEBUG_INFORMATION_FORMAT = dwarf;
				ENABLE_STRICT_OBJC_MSGSEND = YES;
				ENABLE_TESTABILITY = YES;
				GCC_C_LANGUAGE_STANDARD = gnu99;
				GCC_DYNAMIC_NO_PIC = NO;
				GCC_NO_COMMON_BLOCKS = YES;
				GCC_OPTIMIZATION_LEVEL = 0;
				GCC_PREPROCESSOR_DEFINITIONS = (
					"DEBUG=1",
					"$(inherited)",
				);
				GCC_WARN_64_TO_32_BIT_CONVERSION = YES;
				GCC_WARN_ABOUT_RETURN_TYPE = YES_ERROR;
				GCC_WARN_UNDECLARED_SELECTOR = YES;
				GCC_WARN_UNINITIALIZED_AUTOS = YES_AGGRESSIVE;
				GCC_WARN_UNUSED_FUNCTION = YES;
				GCC_WARN_UNUSED_VARIABLE = YES;
				IPHONEOS_DEPLOYMENT_TARGET = 10.3;
				MTL_ENABLE_DEBUG_INFO = YES;
				ONLY_ACTIVE_ARCH = YES;
				SDKROOT = iphoneos;
				SWIFT_ACTIVE_COMPILATION_CONDITIONS = DEBUG;
				SWIFT_OPTIMIZATION_LEVEL = "-Onone";
				TARGETED_DEVICE_FAMILY = "1,2";
			};
			name = Debug;
		};
		83B3972D1EC4DB2000EE22D5 /* Release */ = {
			isa = XCBuildConfiguration;
			buildSettings = {
				ALWAYS_SEARCH_USER_PATHS = NO;
				CLANG_ANALYZER_NONNULL = YES;
				CLANG_ANALYZER_NUMBER_OBJECT_CONVERSION = YES_AGGRESSIVE;
				CLANG_CXX_LANGUAGE_STANDARD = "gnu++0x";
				CLANG_CXX_LIBRARY = "libc++";
				CLANG_ENABLE_MODULES = YES;
				CLANG_ENABLE_OBJC_ARC = YES;
				CLANG_WARN_BOOL_CONVERSION = YES;
				CLANG_WARN_CONSTANT_CONVERSION = YES;
				CLANG_WARN_DIRECT_OBJC_ISA_USAGE = YES_ERROR;
				CLANG_WARN_DOCUMENTATION_COMMENTS = YES;
				CLANG_WARN_EMPTY_BODY = YES;
				CLANG_WARN_ENUM_CONVERSION = YES;
				CLANG_WARN_INFINITE_RECURSION = YES;
				CLANG_WARN_INT_CONVERSION = YES;
				CLANG_WARN_OBJC_ROOT_CLASS = YES_ERROR;
				CLANG_WARN_SUSPICIOUS_MOVE = YES;
				CLANG_WARN_UNREACHABLE_CODE = YES;
				CLANG_WARN__DUPLICATE_METHOD_MATCH = YES;
				"CODE_SIGN_IDENTITY[sdk=iphoneos*]" = "iPhone Developer";
				COPY_PHASE_STRIP = NO;
				DEBUG_INFORMATION_FORMAT = "dwarf-with-dsym";
				ENABLE_NS_ASSERTIONS = NO;
				ENABLE_STRICT_OBJC_MSGSEND = YES;
				GCC_C_LANGUAGE_STANDARD = gnu99;
				GCC_NO_COMMON_BLOCKS = YES;
				GCC_WARN_64_TO_32_BIT_CONVERSION = YES;
				GCC_WARN_ABOUT_RETURN_TYPE = YES_ERROR;
				GCC_WARN_UNDECLARED_SELECTOR = YES;
				GCC_WARN_UNINITIALIZED_AUTOS = YES_AGGRESSIVE;
				GCC_WARN_UNUSED_FUNCTION = YES;
				GCC_WARN_UNUSED_VARIABLE = YES;
				IPHONEOS_DEPLOYMENT_TARGET = 10.3;
				MTL_ENABLE_DEBUG_INFO = NO;
				SDKROOT = iphoneos;
				SWIFT_OPTIMIZATION_LEVEL = "-Owholemodule";
				TARGETED_DEVICE_FAMILY = "1,2";
				VALIDATE_PRODUCT = YES;
			};
			name = Release;
		};
		83B3972F1EC4DB2000EE22D5 /* Debug */ = {
			isa = XCBuildConfiguration;
			buildSettings = {
				ASSETCATALOG_COMPILER_APPICON_NAME = AppIcon;
				INFOPLIST_FILE = "team-ios-koth/Info.plist";
				LD_RUNPATH_SEARCH_PATHS = "$(inherited) @executable_path/Frameworks";
				PRODUCT_BUNDLE_IDENTIFIER = "com.dmke.team-ios-koth";
				PRODUCT_NAME = "$(TARGET_NAME)";
				SWIFT_VERSION = 3.0;
			};
			name = Debug;
		};
		83B397301EC4DB2000EE22D5 /* Release */ = {
			isa = XCBuildConfiguration;
			buildSettings = {
				ASSETCATALOG_COMPILER_APPICON_NAME = AppIcon;
				INFOPLIST_FILE = "team-ios-koth/Info.plist";
				LD_RUNPATH_SEARCH_PATHS = "$(inherited) @executable_path/Frameworks";
				PRODUCT_BUNDLE_IDENTIFIER = "com.dmke.team-ios-koth";
				PRODUCT_NAME = "$(TARGET_NAME)";
				SWIFT_VERSION = 3.0;
			};
			name = Release;
		};
		83B397321EC4DB2000EE22D5 /* Debug */ = {
			isa = XCBuildConfiguration;
			buildSettings = {
				ALWAYS_EMBED_SWIFT_STANDARD_LIBRARIES = YES;
				BUNDLE_LOADER = "$(TEST_HOST)";
				INFOPLIST_FILE = "team-ios-kothTests/Info.plist";
				LD_RUNPATH_SEARCH_PATHS = "$(inherited) @executable_path/Frameworks @loader_path/Frameworks";
				PRODUCT_BUNDLE_IDENTIFIER = "com.dmke.team-ios-kothTests";
				PRODUCT_NAME = "$(TARGET_NAME)";
				SWIFT_VERSION = 3.0;
				TEST_HOST = "$(BUILT_PRODUCTS_DIR)/team-ios-koth.app/team-ios-koth";
			};
			name = Debug;
		};
		83B397331EC4DB2000EE22D5 /* Release */ = {
			isa = XCBuildConfiguration;
			buildSettings = {
				ALWAYS_EMBED_SWIFT_STANDARD_LIBRARIES = YES;
				BUNDLE_LOADER = "$(TEST_HOST)";
				INFOPLIST_FILE = "team-ios-kothTests/Info.plist";
				LD_RUNPATH_SEARCH_PATHS = "$(inherited) @executable_path/Frameworks @loader_path/Frameworks";
				PRODUCT_BUNDLE_IDENTIFIER = "com.dmke.team-ios-kothTests";
				PRODUCT_NAME = "$(TARGET_NAME)";
				SWIFT_VERSION = 3.0;
				TEST_HOST = "$(BUILT_PRODUCTS_DIR)/team-ios-koth.app/team-ios-koth";
			};
			name = Release;
		};
		83B397351EC4DB2000EE22D5 /* Debug */ = {
			isa = XCBuildConfiguration;
			buildSettings = {
				ALWAYS_EMBED_SWIFT_STANDARD_LIBRARIES = YES;
				INFOPLIST_FILE = "team-ios-kothUITests/Info.plist";
				LD_RUNPATH_SEARCH_PATHS = "$(inherited) @executable_path/Frameworks @loader_path/Frameworks";
				PRODUCT_BUNDLE_IDENTIFIER = "com.dmke.team-ios-kothUITests";
				PRODUCT_NAME = "$(TARGET_NAME)";
				SWIFT_VERSION = 3.0;
				TEST_TARGET_NAME = "team-ios-koth";
			};
			name = Debug;
		};
		83B397361EC4DB2000EE22D5 /* Release */ = {
			isa = XCBuildConfiguration;
			buildSettings = {
				ALWAYS_EMBED_SWIFT_STANDARD_LIBRARIES = YES;
				INFOPLIST_FILE = "team-ios-kothUITests/Info.plist";
				LD_RUNPATH_SEARCH_PATHS = "$(inherited) @executable_path/Frameworks @loader_path/Frameworks";
				PRODUCT_BUNDLE_IDENTIFIER = "com.dmke.team-ios-kothUITests";
				PRODUCT_NAME = "$(TARGET_NAME)";
				SWIFT_VERSION = 3.0;
				TEST_TARGET_NAME = "team-ios-koth";
			};
			name = Release;
		};
/* End XCBuildConfiguration section */

/* Begin XCConfigurationList section */
		83B397011EC4DB2000EE22D5 /* Build configuration list for PBXProject "team-ios-koth" */ = {
			isa = XCConfigurationList;
			buildConfigurations = (
				83B3972C1EC4DB2000EE22D5 /* Debug */,
				83B3972D1EC4DB2000EE22D5 /* Release */,
			);
			defaultConfigurationIsVisible = 0;
			defaultConfigurationName = Release;
		};
		83B3972E1EC4DB2000EE22D5 /* Build configuration list for PBXNativeTarget "team-ios-koth" */ = {
			isa = XCConfigurationList;
			buildConfigurations = (
				83B3972F1EC4DB2000EE22D5 /* Debug */,
				83B397301EC4DB2000EE22D5 /* Release */,
			);
			defaultConfigurationIsVisible = 0;
			defaultConfigurationName = Release;
		};
		83B397311EC4DB2000EE22D5 /* Build configuration list for PBXNativeTarget "team-ios-kothTests" */ = {
			isa = XCConfigurationList;
			buildConfigurations = (
				83B397321EC4DB2000EE22D5 /* Debug */,
				83B397331EC4DB2000EE22D5 /* Release */,
			);
			defaultConfigurationIsVisible = 0;
			defaultConfigurationName = Release;
		};
		83B397341EC4DB2000EE22D5 /* Build configuration list for PBXNativeTarget "team-ios-kothUITests" */ = {
			isa = XCConfigurationList;
			buildConfigurations = (
				83B397351EC4DB2000EE22D5 /* Debug */,
				83B397361EC4DB2000EE22D5 /* Release */,
			);
			defaultConfigurationIsVisible = 0;
			defaultConfigurationName = Release;
		};
/* End XCConfigurationList section */
	};
	rootObject = 83B396FE1EC4DB2000EE22D5 /* Project object */;
}
